
Microsoft Visual Studio Solution File, Format Version 12.00
# Visual Studio Version 17
VisualStudioVersion = 17.5.001.0
MinimumVisualStudioVersion = 10.0.40219.1
Project("{9A19103F-16F7-4668-BE54-9A1E7A4F7556}") = "AeroFortaGameConfig", "AeroFortaGameConfig.csproj", "{4667EFC9-D02A-432B-ADFB-E8193822D09E}"
EndProject
Global
	GlobalSection(SolutionConfigurationPlatforms) = preSolution
		Debug|Any CPU = Debug|Any CPU
		Release|Any CPU = Release|Any CPU
	EndGlobalSection
	GlobalSection(ProjectConfigurationPlatforms) = postSolution
		{4667EFC9-D02A-432B-ADFB-E8193822D09E}.Debug|Any CPU.ActiveCfg = Debug|Any CPU
		{4667EFC9-D02A-432B-ADFB-E8193822D09E}.Debug|Any CPU.Build.0 = Debug|Any CPU
		{4667EFC9-D02A-432B-ADFB-E8193822D09E}.Release|Any CPU.ActiveCfg = Release|Any CPU
		{4667EFC9-D02A-432B-ADFB-E8193822D09E}.Release|Any CPU.Build.0 = Release|Any CPU
	EndGlobalSection
	GlobalSection(SolutionProperties) = preSolution
		HideSolutionNode = FALSE
	EndGlobalSection
	GlobalSection(ExtensibilityGlobals) = postSolution
		SolutionGuid = {0898DB78-F58B-4086-A869-D030B5C21FC7}
	EndGlobalSection
EndGlobal
